github.com/ChimeraCoder/anaconda v2.0.0+incompatible h1:F0eD7CHXieZ+VLboCD5UAqCeAzJZxcr90zSCcuJopJs=
github.com/ChimeraCoder/anaconda v2.0.0+incompatible/go.mod h1:TCt3MijIq3Qqo9SBtuW/rrM4x7rDfWqYWHj8T7hLcLg=
github.com/ChimeraCoder/tokenbucket v0.0.0-20131201223612-c5a927568de7 h1:r+EmXjfPosKO4wfiMLe1XQictsIlhErTufbWUsjOTZs=
github.com/ChimeraCoder/tokenbucket v0.0.0-20131201223612-c5a927568de7/go.mod h1:b2EuEMLSG9q3bZ95ql1+8oVqzzrTNSiOQqSXWFBzxeI=
github.com/arrow2nd/ishell v0.0.0-20210313084216-88ee3b3fbe8a h1:m2DunshzI44ug0pqxOzm5rDarRcfwGZgjFL+m0ePM4c=
github.com/arrow2nd/ishell v0.0.0-20210313084216-88ee3b3fbe8a/go.mod h1:CNWQjR2yWobB/Pm97M7+kSflJURSBre61s7Mcyc3yrw=
github.com/arrow2nd/readline v0.0.0-20210131072404-666394925404 h1:VCR2cFmQ4h9ITnOpR7CbgUCkNncdW6j7y738GVmYKl4=
github.com/arrow2nd/readline v0.0.0-20210131072404-666394925404/go.mod h1:DV86x0t0blAkDY1e3PpR0oEiAq04CJ9KymI+qPIdWdc=
github.com/azr/backoff v0.0.0-20160115115103-53511d3c7330 h1:ekDALXAVvY/Ub1UtNta3inKQwZ/jMB/zpOtD8rAYh78=
github.com/azr/backoff v0.0.0-20160115115103-53511d3c7330/go.mod h1:nH+k0SvAt3HeiYyOlJpLLv1HG1p7KWP7qU9QPp2/pCo=
github.com/chzyer/logex v1.1.10 h1:Swpa1K6QvQznwJRcfTfQJmTE72DqScAa40E+fbHEXEE=
github.com/chzyer/logex v1.1.10/go.mod h1:+Ywpsq7O8HXn0nuIou7OrIPyXbp3wmkHB+jjWRnGsAI=
github.com/chzyer/test v0.0.0-20180213035817-a1ea475d72b1 h1:q763qf9huN11kDQavWsoZXJNW3xEE4JJyHa5Q25/sd8=
github.com/chzyer/test v0.0.0-20180213035817-a1ea475d72b1/go.mod h1:Q3SI9o4m/ZMnBNeIyt5eFwwo7qiLfzFZmjNmxjkiQlU=
github.com/davecgh/go-spew v1.1.0 h1:ZDRjVQ15GmhC3fiQ8ni8+OwkZQO4DARzQgrnXU1Liz8=
github.com/davecgh/go-spew v1.1.0/go.mod h1:J7Y8YcW2NihsgmVo/mv3lAwl/skON4iLHjSsI+c5H38=
github.com/dustin/go-jsonpointer v0.0.0-20160814072949-ba0abeacc3dc h1:tP7tkU+vIsEOKiK+l/NSLN4uUtkyuxc6hgYpQeCWAeI=
github.com/dustin/go-jsonpointer v0.0.0-20160814072949-ba0abeacc3dc/go.mod h1:ORH5Qp2bskd9NzSfKqAF7tKfONsEkCarTE5ESr/RVBw=
github.com/dustin/gojson v0.0.0-20160307161227-2e71ec9dd5ad h1:Qk76DOWdOp+GlyDKBAG3Klr9cn7N+LcYc82AZ2S7+cA=
github.com/dustin/gojson v0.0.0-20160307161227-2e71ec9dd5ad/go.mod h1:mPKfmRa823oBIgl2r20LeMSpTAteW5j7FLkc0vjmzyQ=
github.com/fatih/color v1.10.0 h1:s36xzo75JdqLaaWoiEHk767eHiwo0598uUxyfiPkDsg=
github.com/fatih/color v1.10.0/go.mod h1:ELkj/draVOlAH/xkhN6mQ50Qd0MPOk5AAr3maGEBuJM=
github.com/garyburd/go-oauth v0.0.0-20180319155456-bca2e7f09a17 h1:GOfMz6cRgTJ9jWV0qAezv642OhPnKEG7gtUjJSdStHE=
github.com/garyburd/go-oauth v0.0.0-20180319155456-bca2e7f09a17/go.mod h1:HfkOCN6fkKKaPSAeNq/er3xObxTW4VLeY6UUK895gLQ=
github.com/google/shlex v0.0.0-20191202100458-e7afc7fbc510 h1:El6M4kTTCOh6aBiKaUGG7oYTSPP8MxqL4YI3kZKwcP4=
github.com/google/shlex v0.0.0-20191202100458-e7afc7fbc510/go.mod h1:pupxD2MaaD3pAXIBCelhxNneeOaAeabZDe5s4K6zSpQ=
github.com/gookit/color v1.3.8 h1:w2WcSwaCa1ojRWO60Mm4GJUJomBNKR9G+x9DwaaCL1c=
github.com/gookit/color v1.3.8/go.mod h1:R3ogXq2B9rTbXoSHJ1HyUVAZ3poOJHpd9nQmyGZsfvQ=
github.com/mattn/go-colorable v0.1.8 h1:c1ghPdyEDarC70ftn0y+A/Ee++9zz8ljHG1b13eJ0s8=
github.com/mattn/go-colorable v0.1.8/go.mod h1:u6P/XSegPjTcexA+o6vUJrdnUu04hMope9wVRipJSqc=
github.com/mattn/go-isatty v0.0.12 h1:wuysRhFDzyxgEmMf5xjvJ2M9dZoWAXNNr5LSBS7uHXY=
github.com/mattn/go-isatty v0.0.12/go.mod h1:cbi8OIDigv2wuxKPP5vlRcQ1OAZbq2CE4Kysco4FUpU=
github.com/mattn/go-runewidth v0.0.10/go.mod h1:RAqKPSqVFrSLVXbA8x7dzmKdmGzieGRCM46jaSJTDAk=
github.com/mattn/go-runewidth v0.0.12 h1:Y41i/hVW3Pgwr8gV+J23B9YEY0zxjptBuCWEaxmAOow=
github.com/mattn/go-runewidth v0.0.12/go.mod h1:RAqKPSqVFrSLVXbA8x7dzmKdmGzieGRCM46jaSJTDAk=
github.com/pkg/browser v0.0.0-20210115035449-ce105d075bb4 h1:Qj1ukM4GlMWXNdMBuXcXfz/Kw9s1qm0CLY32QxuSImI=
github.com/pkg/browser v0.0.0-20210115035449-ce105d075bb4/go.mod h1:N6UoU20jOqggOuDwUaBQpluzLNDqif3kq9z2wpdYEfQ=
github.com/pmezard/go-difflib v1.0.0 h1:4DBwDE0NGyQoBHbLQYPwSUPoCMWR5BEzIk/f1lZbAQM=
github.com/pmezard/go-difflib v1.0.0/go.mod h1:iKH77koFhYxTK1pcRnkKkqfTogsbg7gZNVY4sRDYZ/4=
github.com/rivo/uniseg v0.1.0/go.mod h1:J6wj4VEh+S6ZtnVlnTBMWIodfgj8LQOQFoIToxlJtxc=
github.com/rivo/uniseg v0.2.0 h1:S1pD9weZBuJdFmowNwbpi7BJ8TNftyUImj/0WQi72jY=
github.com/rivo/uniseg v0.2.0/go.mod h1:J6wj4VEh+S6ZtnVlnTBMWIodfgj8LQOQFoIToxlJtxc=
github.com/stretchr/objx v0.1.0/go.mod h1:HFkY916IF+rwdDfMAkV7OtwuqBVzrE8GR6GFx+wExME=
github.com/stretchr/testify v1.3.0/go.mod h1:M5WIy9Dh21IEIfnGCwXGc5bZfKNJtfHm1UVUgZn+9EI=
github.com/stretchr/testify v1.7.0 h1:nwc3DEeHmmLAfoZucVR881uASk0Mfjw8xYJ99tb5CcY=
github.com/stretchr/testify v1.7.0/go.mod h1:6Fq8oRcR53rry900zMqJjRRixrwX3KX962/h/Wwjteg=
golang.org/x/net v0.0.0-20210331212208-0fccb6fa2b5c h1:KHUzaHIpjWVlVVNh65G3hhuj3KB1HnjY6Cq5cTvRQT8=
golang.org/x/net v0.0.0-20210331212208-0fccb6fa2b5c/go.mod h1:p54w0d4576C0XHj96bSt6lcn1PtDYWL6XObtHCRCNQM=
golang.org/x/sync v0.0.0-20210220032951-036812b2e83c h1:5KslGYwFpkhGh+Q16bwMP3cOontH8FOep7tGV86Y7SQ=
golang.org/x/sync v0.0.0-20210220032951-036812b2e83c/go.mod h1:RxMgew5VJxzue5/jJTE5uejpjVlOe/izrB70Jof72aM=
golang.org/x/sys v0.0.0-20200116001909-b77594299b42/go.mod h1:h1NjWce9XRLGQEsW7wpKNCjG9DtNlClVuFLEZdDNbEs=
golang.org/x/sys v0.0.0-20200223170610-d5e6a3e2c0ae/go.mod h1:h1NjWce9XRLGQEsW7wpKNCjG9DtNlClVuFLEZdDNbEs=
golang.org/x/sys v0.0.0-20201119102817-f84b799fce68/go.mod h1:h1NjWce9XRLGQEsW7wpKNCjG9DtNlClVuFLEZdDNbEs=
golang.org/x/sys v0.0.0-20210330210617-4fbd30eecc44/go.mod h1:h1NjWce9XRLGQEsW7wpKNCjG9DtNlClVuFLEZdDNbEs=
golang.org/x/sys v0.0.0-20210402192133-700132347e07 h1:4k6HsQjxj6hVMsI2Vf0yKlzt5lXxZsMW1q0zaq2k8zY=
golang.org/x/sys v0.0.0-20210402192133-700132347e07/go.mod h1:h1NjWce9XRLGQEsW7wpKNCjG9DtNlClVuFLEZdDNbEs=
golang.org/x/term v0.0.0-20201126162022-7de9c90e9dd1/go.mod h1:bj7SfCRtBDWHUb9snDiAeCFNEtKQo2Wmx5Cou7ajbmo=
golang.org/x/term v0.0.0-20210317153231-de623e64d2a6 h1:EC6+IGYTjPpRfv9a2b/6Puw0W+hLtAhkV1tPsXhutqs=
golang.org/x/term v0.0.0-20210317153231-de623e64d2a6/go.mod h1:bj7SfCRtBDWHUb9snDiAeCFNEtKQo2Wmx5Cou7ajbmo=
golang.org/x/text v0.3.3/go.mod h1:5Zoc/QRtKVWzQhOtBMvqHzDpF6irO9z98xDceosuGiQ=
golang.org/x/tools v0.0.0-20180917221912-90fa682c2a6e/go.mod h1:n7NCudcB/nEzxVGmLbDWY5pfWTLqBcC2KZ6jyYvM4mQ=
gopkg.in/check.v1 v0.0.0-20161208181325-20d25e280405 h1:yhCVgyC4o1eVCa2tZl7eS0r+SDo693bJlVdllGtEeKM=
gopkg.in/check.v1 v0.0.0-20161208181325-20d25e280405/go.mod h1:Co6ibVJAznAaIkqp8huTwlJQCZ016jof/cbN4VW5Yz0=
gopkg.in/yaml.v2 v2.4.0 h1:D8xgwECY7CYvx+Y2n4sBz93Jn9JRvxdiyyo8CTfuKaY=
gopkg.in/yaml.v2 v2.4.0/go.mod h1:RDklbk79AGWmwhnvt/jBztapEOGDOx6ZbXqjP6csGnQ=
gopkg.in/yaml.v3 v3.0.0-20200313102051-9f266ea9e77c h1:dUUwHk2QECo/6vqA44rthZ8ie2QXMNeKRTHCNY2nXvo=
gopkg.in/yaml.v3 v3.0.0-20200313102051-9f266ea9e77c/go.mod h1:K4uyk7z7BCEPqu6E+C64Yfv1cQ7kz7rIZviUmN+EgEM=
